
Microsoft Visual Studio Solution File, Format Version 12.00
# Visual Studio Version 16
VisualStudioVersion = 16.0.32106.194
MinimumVisualStudioVersion = 10.0.40219.1
Project("{FAE04EC0-301F-11D3-BF4B-00C04F79EFBC}") = "KlasorVeDosyaOlusturma", "KlasorVeDosyaOlusturma\KlasorVeDosyaOlusturma.csproj", "{909EE477-3269-427C-9CAF-CD1B08E7DE1D}"
EndProject
Project("{FAE04EC0-301F-11D3-BF4B-00C04F79EFBC}") = "TekDataUzerindenKlasorOlusturma", "TekDataUzerindenKlasorOlusturma\TekDataUzerindenKlasorOlusturma.csproj", "{A783FD34-C615-4C1C-8A20-6EA45D0F64C8}"
EndProject
Global
	GlobalSection(SolutionConfigurationPlatforms) = preSolution
		Debug|Any CPU = Debug|Any CPU
		Release|Any CPU = Release|Any CPU
	EndGlobalSection
	GlobalSection(ProjectConfigurationPlatforms) = postSolution
		{909EE477-3269-427C-9CAF-CD1B08E7DE1D}.Debug|Any CPU.ActiveCfg = Debug|Any CPU
		{909EE477-3269-427C-9CAF-CD1B08E7DE1D}.Debug|Any CPU.Build.0 = Debug|Any CPU
		{909EE477-3269-427C-9CAF-CD1B08E7DE1D}.Release|Any CPU.ActiveCfg = Release|Any CPU
		{909EE477-3269-427C-9CAF-CD1B08E7DE1D}.Release|Any CPU.Build.0 = Release|Any CPU
		{A783FD34-C615-4C1C-8A20-6EA45D0F64C8}.Debug|Any CPU.ActiveCfg = Debug|Any CPU
		{A783FD34-C615-4C1C-8A20-6EA45D0F64C8}.Debug|Any CPU.Build.0 = Debug|Any CPU
		{A783FD34-C615-4C1C-8A20-6EA45D0F64C8}.Release|Any CPU.ActiveCfg = Release|Any CPU
		{A783FD34-C615-4C1C-8A20-6EA45D0F64C8}.Release|Any CPU.Build.0 = Release|Any CPU
	EndGlobalSection
	GlobalSection(SolutionProperties) = preSolution
		HideSolutionNode = FALSE
	EndGlobalSection
	GlobalSection(ExtensibilityGlobals) = postSolution
		SolutionGuid = {40A407E0-F400-46C0-8253-B04C30613FDE}
	EndGlobalSection
EndGlobal
